
Microsoft Visual Studio Solution File, Format Version 12.00
# Visual Studio Version 16
VisualStudioVersion = 16.0.35731.53
MinimumVisualStudioVersion = 10.0.40219.1
Project("{FAE04EC0-301F-11D3-BF4B-00C04F79EFBC}") = "alertas", "alertas.csproj", "{480759BE-D296-42FA-ABCE-421AF93DA312}"
EndProject
Global
	GlobalSection(SolutionConfigurationPlatforms) = preSolution
		Debug|Any CPU = Debug|Any CPU
		Debug|x64 = Debug|x64
		Release|Any CPU = Release|Any CPU
		Release|x64 = Release|x64
	EndGlobalSection
	GlobalSection(ProjectConfigurationPlatforms) = postSolution
		{480759BE-D296-42FA-ABCE-421AF93DA312}.Debug|Any CPU.ActiveCfg = Debug|Any CPU
		{480759BE-D296-42FA-ABCE-421AF93DA312}.Debug|Any CPU.Build.0 = Debug|Any CPU
		{480759BE-D296-42FA-ABCE-421AF93DA312}.Debug|x64.ActiveCfg = Debug|x64
		{480759BE-D296-42FA-ABCE-421AF93DA312}.Debug|x64.Build.0 = Debug|x64
		{480759BE-D296-42FA-ABCE-421AF93DA312}.Release|Any CPU.ActiveCfg = Release|Any CPU
		{480759BE-D296-42FA-ABCE-421AF93DA312}.Release|Any CPU.Build.0 = Release|Any CPU
		{480759BE-D296-42FA-ABCE-421AF93DA312}.Release|x64.ActiveCfg = Release|x64
		{480759BE-D296-42FA-ABCE-421AF93DA312}.Release|x64.Build.0 = Release|x64
	EndGlobalSection
	GlobalSection(SolutionProperties) = preSolution
		HideSolutionNode = FALSE
	EndGlobalSection
	GlobalSection(ExtensibilityGlobals) = postSolution
		SolutionGuid = {FCFCA724-D0D4-48F3-B553-C3D7C0DD3A0F}
	EndGlobalSection
EndGlobal
